{
  "name": "@ngx-dummy/accordion-simple",
  "version": "0.2.22",
  "lockfileVersion": 1,
  "requires": true,
  "dependencies": {
    "@types/lodash": {
      "version": "4.14.153",
      "resolved": "https://registry.npmjs.org/@types/lodash/-/lodash-4.14.153.tgz",
      "integrity": "sha512-lYniGRiRfZf2gGAR9cfRC3Pi5+Q1ziJCKqPmjZocigrSJUVPWf7st1BtSJ8JOeK0FLXVndQ1IjUjTco9CXGo/Q==",
      "dev": true
    },
    "typescript": {
      "version": "3.9.6",
      "resolved": "https://registry.npmjs.org/typescript/-/typescript-3.9.6.tgz",
      "integrity": "sha512-Pspx3oKAPJtjNwE92YS05HQoY7z2SFyOpHo9MqJor3BXAGNaPUs83CuVp9VISFkSjyRfiTpmKuAYGJB7S7hOxw==",
      "dev": true
    }
  }
}
